// !$*UTF8*$!
{
	archiveVersion = 1;
	classes = {
	};
	objectVersion = 46;
	objects = {

/* Begin PBXBuildFile section */
		1D60589B0D05DD56006BFB54 /* main.m in Sources */ = {isa = PBXBuildFile; fileRef = 29B97316FDCFA39411CA2CEA /* main.m */; };
		1D60589F0D05DD5A006BFB54 /* Foundation.framework in Frameworks */ = {isa = PBXBuildFile; fileRef = 1D30AB110D05D00D00671497 /* Foundation.framework */; };
		1DF5F4E00D08C38300B7A737 /* UIKit.framework in Frameworks */ = {isa = PBXBuildFile; fileRef = 1DF5F4DF0D08C38300B7A737 /* UIKit.framework */; };
		2432820A104BD8270015874B /* MediaPlayer.framework in Frameworks */ = {isa = PBXBuildFile; fileRef = 24328209104BD8270015874B /* MediaPlayer.framework */; };
		24700CA315B843E200FA5843 /* Foundation.framework in Frameworks */ = {isa = PBXBuildFile; fileRef = 1D30AB110D05D00D00671497 /* Foundation.framework */; };
		24700CAA15B843E200FA5843 /* DCTMusicModel.m in Sources */ = {isa = PBXBuildFile; fileRef = 24700CA915B843E200FA5843 /* DCTMusicModel.m */; };
		24700CB815B8495000FA5843 /* CoreFoundation.framework in Frameworks */ = {isa = PBXBuildFile; fileRef = 24700CB715B8495000FA5843 /* CoreFoundation.framework */; };
		24700CBE15B8495000FA5843 /* InfoPlist.strings in Resources */ = {isa = PBXBuildFile; fileRef = 24700CBC15B8495000FA5843 /* InfoPlist.strings */; };
		24700CC515B849B500FA5843 /* DCTMusicModel.xcdatamodeld in Sources */ = {isa = PBXBuildFile; fileRef = 24700CC315B849B500FA5843 /* DCTMusicModel.xcdatamodeld */; };
		24700CE015B84B1900FA5843 /* DCTAlbum.h in Headers */ = {isa = PBXBuildFile; fileRef = 24700CC715B84B1900FA5843 /* DCTAlbum.h */; };
		24700CE115B84B1900FA5843 /* DCTAlbum.m in Sources */ = {isa = PBXBuildFile; fileRef = 24700CC815B84B1900FA5843 /* DCTAlbum.m */; };
		24700CE215B84B1900FA5843 /* DCTArtist.h in Headers */ = {isa = PBXBuildFile; fileRef = 24700CC915B84B1900FA5843 /* DCTArtist.h */; };
		24700CE315B84B1900FA5843 /* DCTArtist.m in Sources */ = {isa = PBXBuildFile; fileRef = 24700CCA15B84B1900FA5843 /* DCTArtist.m */; };
		24700CE415B84B1900FA5843 /* DCTComposer.h in Headers */ = {isa = PBXBuildFile; fileRef = 24700CCB15B84B1900FA5843 /* DCTComposer.h */; };
		24700CE515B84B1900FA5843 /* DCTComposer.m in Sources */ = {isa = PBXBuildFile; fileRef = 24700CCC15B84B1900FA5843 /* DCTComposer.m */; };
		24700CE615B84B1900FA5843 /* DCTDataInformation.h in Headers */ = {isa = PBXBuildFile; fileRef = 24700CCD15B84B1900FA5843 /* DCTDataInformation.h */; };
		24700CE715B84B1900FA5843 /* DCTDataInformation.m in Sources */ = {isa = PBXBuildFile; fileRef = 24700CCE15B84B1900FA5843 /* DCTDataInformation.m */; };
		24700CE815B84B1900FA5843 /* DCTGenre.h in Headers */ = {isa = PBXBuildFile; fileRef = 24700CCF15B84B1900FA5843 /* DCTGenre.h */; };
		24700CE915B84B1900FA5843 /* DCTGenre.m in Sources */ = {isa = PBXBuildFile; fileRef = 24700CD015B84B1900FA5843 /* DCTGenre.m */; };
		24700CEA15B84B1900FA5843 /* DCTPlaylist.h in Headers */ = {isa = PBXBuildFile; fileRef = 24700CD115B84B1900FA5843 /* DCTPlaylist.h */; };
		24700CEB15B84B1900FA5843 /* DCTPlaylist.m in Sources */ = {isa = PBXBuildFile; fileRef = 24700CD215B84B1900FA5843 /* DCTPlaylist.m */; };
		24700CEC15B84B1900FA5843 /* _DCTAlbum.h in Headers */ = {isa = PBXBuildFile; fileRef = 24700CD415B84B1900FA5843 /* _DCTAlbum.h */; };
		24700CED15B84B1900FA5843 /* _DCTAlbum.m in Sources */ = {isa = PBXBuildFile; fileRef = 24700CD515B84B1900FA5843 /* _DCTAlbum.m */; };
		24700CEE15B84B1900FA5843 /* _DCTArtist.h in Headers */ = {isa = PBXBuildFile; fileRef = 24700CD615B84B1900FA5843 /* _DCTArtist.h */; };
		24700CEF15B84B1900FA5843 /* _DCTArtist.m in Sources */ = {isa = PBXBuildFile; fileRef = 24700CD715B84B1900FA5843 /* _DCTArtist.m */; };
		24700CF015B84B1900FA5843 /* _DCTComposer.h in Headers */ = {isa = PBXBuildFile; fileRef = 24700CD815B84B1900FA5843 /* _DCTComposer.h */; };
		24700CF115B84B1900FA5843 /* _DCTComposer.m in Sources */ = {isa = PBXBuildFile; fileRef = 24700CD915B84B1900FA5843 /* _DCTComposer.m */; };
		24700CF215B84B1900FA5843 /* _DCTDataInformation.h in Headers */ = {isa = PBXBuildFile; fileRef = 24700CDA15B84B1900FA5843 /* _DCTDataInformation.h */; };
		24700CF315B84B1900FA5843 /* _DCTDataInformation.m in Sources */ = {isa = PBXBuildFile; fileRef = 24700CDB15B84B1900FA5843 /* _DCTDataInformation.m */; };
		24700CF415B84B1900FA5843 /* _DCTGenre.h in Headers */ = {isa = PBXBuildFile; fileRef = 24700CDC15B84B1900FA5843 /* _DCTGenre.h */; };
		24700CF515B84B1900FA5843 /* _DCTGenre.m in Sources */ = {isa = PBXBuildFile; fileRef = 24700CDD15B84B1900FA5843 /* _DCTGenre.m */; };
		24700CF615B84B1900FA5843 /* _DCTPlaylist.h in Headers */ = {isa = PBXBuildFile; fileRef = 24700CDE15B84B1900FA5843 /* _DCTPlaylist.h */; };
		24700CF715B84B1900FA5843 /* _DCTPlaylist.m in Sources */ = {isa = PBXBuildFile; fileRef = 24700CDF15B84B1900FA5843 /* _DCTPlaylist.m */; };
		24845AAE104C7EE300489910 /* Icon.png in Resources */ = {isa = PBXBuildFile; fileRef = 24845AAD104C7EE300489910 /* Icon.png */; };
		24C28FFA104C774D004513D3 /* DTAlbum+Extras.m in Sources */ = {isa = PBXBuildFile; fileRef = 24C28FE0104C774D004513D3 /* DTAlbum+Extras.m */; };
		24C28FFB104C774D004513D3 /* DTAlbum.m in Sources */ = {isa = PBXBuildFile; fileRef = 24C28FE2104C774D004513D3 /* DTAlbum.m */; };
		24C28FFC104C774D004513D3 /* DTArtist+Extras.m in Sources */ = {isa = PBXBuildFile; fileRef = 24C28FE4104C774D004513D3 /* DTArtist+Extras.m */; };
		24C28FFD104C774D004513D3 /* DTArtist.m in Sources */ = {isa = PBXBuildFile; fileRef = 24C28FE6104C774D004513D3 /* DTArtist.m */; };
		24C28FFE104C774D004513D3 /* DTComposer.m in Sources */ = {isa = PBXBuildFile; fileRef = 24C28FE8104C774D004513D3 /* DTComposer.m */; };
		24C28FFF104C774D004513D3 /* DTDataInformation.m in Sources */ = {isa = PBXBuildFile; fileRef = 24C28FEA104C774D004513D3 /* DTDataInformation.m */; };
		24C29000104C774D004513D3 /* DTGenre +Extras.m in Sources */ = {isa = PBXBuildFile; fileRef = 24C28FEB104C774D004513D3 /* DTGenre +Extras.m */; };
		24C29001104C774D004513D3 /* DTGenre.m in Sources */ = {isa = PBXBuildFile; fileRef = 24C28FEE104C774D004513D3 /* DTGenre.m */; };
		24C29002104C774D004513D3 /* DTMusicModel.xcdatamodel in Sources */ = {isa = PBXBuildFile; fileRef = 24C28FEF104C774D004513D3 /* DTMusicModel.xcdatamodel */; };
		24C29003104C774D004513D3 /* DTMusicModelController.m in Sources */ = {isa = PBXBuildFile; fileRef = 24C28FF1104C774D004513D3 /* DTMusicModelController.m */; };
		24C29004104C774D004513D3 /* DTPlaylist+Extras.m in Sources */ = {isa = PBXBuildFile; fileRef = 24C28FF3104C774D004513D3 /* DTPlaylist+Extras.m */; };
		24C29005104C774D004513D3 /* DTPlaylist.m in Sources */ = {isa = PBXBuildFile; fileRef = 24C28FF5104C774D004513D3 /* DTPlaylist.m */; };
		24C29006104C774D004513D3 /* DTSong+Extras.m in Sources */ = {isa = PBXBuildFile; fileRef = 24C28FF7104C774D004513D3 /* DTSong+Extras.m */; };
		24C29007104C774D004513D3 /* DTSong.m in Sources */ = {isa = PBXBuildFile; fileRef = 24C28FF9104C774D004513D3 /* DTSong.m */; };
		24E58EF0104BD87800A47A1E /* DTMusicViewController.m in Sources */ = {isa = PBXBuildFile; fileRef = 24E58ED3104BD87800A47A1E /* DTMusicViewController.m */; };
		24E58F04104BD89400A47A1E /* DTMenuViewController.m in Sources */ = {isa = PBXBuildFile; fileRef = 24E58F01104BD89400A47A1E /* DTMenuViewController.m */; };
		24E58F05104BD89400A47A1E /* DTMusicModelAppDelegate.m in Sources */ = {isa = PBXBuildFile; fileRef = 24E58F03104BD89400A47A1E /* DTMusicModelAppDelegate.m */; };
		24E58F07104BD89D00A47A1E /* MusicMenu.plist in Resources */ = {isa = PBXBuildFile; fileRef = 24E58F06104BD89D00A47A1E /* MusicMenu.plist */; };
		24E8AE57104BD9B0004AD907 /* DTArtistsViewController.m in Sources */ = {isa = PBXBuildFile; fileRef = 24E8AE56104BD9B0004AD907 /* DTArtistsViewController.m */; };
		24E8AE66104BDB46004AD907 /* DTUpdatingViewController.m in Sources */ = {isa = PBXBuildFile; fileRef = 24E8AE65104BDB46004AD907 /* DTUpdatingViewController.m */; };
		24E8AE6A104BDDA8004AD907 /* DTUpdatingView.xib in Resources */ = {isa = PBXBuildFile; fileRef = 24E8AE69104BDDA8004AD907 /* DTUpdatingView.xib */; };
		24EA14D3104D125F001538CF /* DTAlbumsViewController.m in Sources */ = {isa = PBXBuildFile; fileRef = 24EA14D2104D125F001538CF /* DTAlbumsViewController.m */; };
		24EA14DB104D1311001538CF /* DTSongsViewController.m in Sources */ = {isa = PBXBuildFile; fileRef = 24EA14DA104D1311001538CF /* DTSongsViewController.m */; };
		24EA151C104D169D001538CF /* DTGenresViewController.m in Sources */ = {isa = PBXBuildFile; fileRef = 24EA151B104D169D001538CF /* DTGenresViewController.m */; };
		24EA1558104D2C2D001538CF /* DTPlaylistsViewController.m in Sources */ = {isa = PBXBuildFile; fileRef = 24EA1557104D2C2D001538CF /* DTPlaylistsViewController.m */; };
		288765A50DF7441C002DB57D /* CoreGraphics.framework in Frameworks */ = {isa = PBXBuildFile; fileRef = 288765A40DF7441C002DB57D /* CoreGraphics.framework */; };
		28AD733F0D9D9553002E5188 /* MainWindow.xib in Resources */ = {isa = PBXBuildFile; fileRef = 28AD733E0D9D9553002E5188 /* MainWindow.xib */; };
		28D801B40F44B63D00FB423F /* CoreData.framework in Frameworks */ = {isa = PBXBuildFile; fileRef = 28D801B30F44B63D00FB423F /* CoreData.framework */; };
/* End PBXBuildFile section */

/* Begin PBXContainerItemProxy section */
		24700CF815B84B2E00FA5843 /* PBXContainerItemProxy */ = {
			isa = PBXContainerItemProxy;
			containerPortal = 29B97313FDCFA39411CA2CEA /* Project object */;
			proxyType = 1;
			remoteGlobalIDString = 24700CB515B8495000FA5843;
			remoteInfo = DCTMusicModelBundle;
		};
/* End PBXContainerItemProxy section */

/* Begin PBXFileReference section */
		1D30AB110D05D00D00671497 /* Foundation.framework */ = {isa = PBXFileReference; lastKnownFileType = wrapper.framework; name = Foundation.framework; path = System/Library/Frameworks/Foundation.framework; sourceTree = SDKROOT; };
		1D6058910D05DD3D006BFB54 /* MusicModel.app */ = {isa = PBXFileReference; explicitFileType = wrapper.application; includeInIndex = 0; path = MusicModel.app; sourceTree = BUILT_PRODUCTS_DIR; };
		1DF5F4DF0D08C38300B7A737 /* UIKit.framework */ = {isa = PBXFileReference; lastKnownFileType = wrapper.framework; name = UIKit.framework; path = System/Library/Frameworks/UIKit.framework; sourceTree = SDKROOT; };
		24328209104BD8270015874B /* MediaPlayer.framework */ = {isa = PBXFileReference; lastKnownFileType = wrapper.framework; name = MediaPlayer.framework; path = System/Library/Frameworks/MediaPlayer.framework; sourceTree = SDKROOT; };
		24700CA215B843E200FA5843 /* libDCTMusicModel.a */ = {isa = PBXFileReference; explicitFileType = archive.ar; includeInIndex = 0; path = libDCTMusicModel.a; sourceTree = BUILT_PRODUCTS_DIR; };
		24700CA615B843E200FA5843 /* DCTMusicModel-Prefix.pch */ = {isa = PBXFileReference; lastKnownFileType = sourcecode.c.h; path = "DCTMusicModel-Prefix.pch"; sourceTree = "<group>"; };
		24700CA715B843E200FA5843 /* DCTMusicModel.h */ = {isa = PBXFileReference; lastKnownFileType = sourcecode.c.h; path = DCTMusicModel.h; sourceTree = "<group>"; };
		24700CA915B843E200FA5843 /* DCTMusicModel.m */ = {isa = PBXFileReference; lastKnownFileType = sourcecode.c.objc; path = DCTMusicModel.m; sourceTree = "<group>"; };
		24700CB615B8495000FA5843 /* DCTMusicModel.bundle */ = {isa = PBXFileReference; explicitFileType = wrapper.cfbundle; includeInIndex = 0; path = DCTMusicModel.bundle; sourceTree = BUILT_PRODUCTS_DIR; };
		24700CB715B8495000FA5843 /* CoreFoundation.framework */ = {isa = PBXFileReference; lastKnownFileType = wrapper.framework; name = CoreFoundation.framework; path = System/Library/Frameworks/CoreFoundation.framework; sourceTree = SDKROOT; };
		24700CBB15B8495000FA5843 /* DCTMusicModelBundle-Info.plist */ = {isa = PBXFileReference; lastKnownFileType = text.plist.xml; path = "DCTMusicModelBundle-Info.plist"; sourceTree = "<group>"; };
		24700CBD15B8495000FA5843 /* en */ = {isa = PBXFileReference; lastKnownFileType = text.plist.strings; name = en; path = en.lproj/InfoPlist.strings; sourceTree = "<group>"; };
		24700CBF15B8495000FA5843 /* DCTMusicModelBundle-Prefix.pch */ = {isa = PBXFileReference; lastKnownFileType = sourcecode.c.h; path = "DCTMusicModelBundle-Prefix.pch"; sourceTree = "<group>"; };
		24700CC415B849B500FA5843 /* DCTMusicModel.xcdatamodel */ = {isa = PBXFileReference; lastKnownFileType = wrapper.xcdatamodel; path = DCTMusicModel.xcdatamodel; sourceTree = "<group>"; };
		24700CC715B84B1900FA5843 /* DCTAlbum.h */ = {isa = PBXFileReference; fileEncoding = 4; lastKnownFileType = sourcecode.c.h; path = DCTAlbum.h; sourceTree = "<group>"; };
		24700CC815B84B1900FA5843 /* DCTAlbum.m */ = {isa = PBXFileReference; fileEncoding = 4; lastKnownFileType = sourcecode.c.objc; path = DCTAlbum.m; sourceTree = "<group>"; };
		24700CC915B84B1900FA5843 /* DCTArtist.h */ = {isa = PBXFileReference; fileEncoding = 4; lastKnownFileType = sourcecode.c.h; path = DCTArtist.h; sourceTree = "<group>"; };
		24700CCA15B84B1900FA5843 /* DCTArtist.m */ = {isa = PBXFileReference; fileEncoding = 4; lastKnownFileType = sourcecode.c.objc; path = DCTArtist.m; sourceTree = "<group>"; };
		24700CCB15B84B1900FA5843 /* DCTComposer.h */ = {isa = PBXFileReference; fileEncoding = 4; lastKnownFileType = sourcecode.c.h; path = DCTComposer.h; sourceTree = "<group>"; };
		24700CCC15B84B1900FA5843 /* DCTComposer.m */ = {isa = PBXFileReference; fileEncoding = 4; lastKnownFileType = sourcecode.c.objc; path = DCTComposer.m; sourceTree = "<group>"; };
		24700CCD15B84B1900FA5843 /* DCTDataInformation.h */ = {isa = PBXFileReference; fileEncoding = 4; lastKnownFileType = sourcecode.c.h; path = DCTDataInformation.h; sourceTree = "<group>"; };
		24700CCE15B84B1900FA5843 /* DCTDataInformation.m */ = {isa = PBXFileReference; fileEncoding = 4; lastKnownFileType = sourcecode.c.objc; path = DCTDataInformation.m; sourceTree = "<group>"; };
		24700CCF15B84B1900FA5843 /* DCTGenre.h */ = {isa = PBXFileReference; fileEncoding = 4; lastKnownFileType = sourcecode.c.h; path = DCTGenre.h; sourceTree = "<group>"; };
		24700CD015B84B1900FA5843 /* DCTGenre.m */ = {isa = PBXFileReference; fileEncoding = 4; lastKnownFileType = sourcecode.c.objc; path = DCTGenre.m; sourceTree = "<group>"; };
		24700CD115B84B1900FA5843 /* DCTPlaylist.h */ = {isa = PBXFileReference; fileEncoding = 4; lastKnownFileType = sourcecode.c.h; path = DCTPlaylist.h; sourceTree = "<group>"; };
		24700CD215B84B1900FA5843 /* DCTPlaylist.m */ = {isa = PBXFileReference; fileEncoding = 4; lastKnownFileType = sourcecode.c.objc; path = DCTPlaylist.m; sourceTree = "<group>"; };
		24700CD415B84B1900FA5843 /* _DCTAlbum.h */ = {isa = PBXFileReference; fileEncoding = 4; lastKnownFileType = sourcecode.c.h; path = _DCTAlbum.h; sourceTree = "<group>"; };
		24700CD515B84B1900FA5843 /* _DCTAlbum.m */ = {isa = PBXFileReference; fileEncoding = 4; lastKnownFileType = sourcecode.c.objc; path = _DCTAlbum.m; sourceTree = "<group>"; };
		24700CD615B84B1900FA5843 /* _DCTArtist.h */ = {isa = PBXFileReference; fileEncoding = 4; lastKnownFileType = sourcecode.c.h; path = _DCTArtist.h; sourceTree = "<group>"; };
		24700CD715B84B1900FA5843 /* _DCTArtist.m */ = {isa = PBXFileReference; fileEncoding = 4; lastKnownFileType = sourcecode.c.objc; path = _DCTArtist.m; sourceTree = "<group>"; };
		24700CD815B84B1900FA5843 /* _DCTComposer.h */ = {isa = PBXFileReference; fileEncoding = 4; lastKnownFileType = sourcecode.c.h; path = _DCTComposer.h; sourceTree = "<group>"; };
		24700CD915B84B1900FA5843 /* _DCTComposer.m */ = {isa = PBXFileReference; fileEncoding = 4; lastKnownFileType = sourcecode.c.objc; path = _DCTComposer.m; sourceTree = "<group>"; };
		24700CDA15B84B1900FA5843 /* _DCTDataInformation.h */ = {isa = PBXFileReference; fileEncoding = 4; lastKnownFileType = sourcecode.c.h; path = _DCTDataInformation.h; sourceTree = "<group>"; };
		24700CDB15B84B1900FA5843 /* _DCTDataInformation.m */ = {isa = PBXFileReference; fileEncoding = 4; lastKnownFileType = sourcecode.c.objc; path = _DCTDataInformation.m; sourceTree = "<group>"; };
		24700CDC15B84B1900FA5843 /* _DCTGenre.h */ = {isa = PBXFileReference; fileEncoding = 4; lastKnownFileType = sourcecode.c.h; path = _DCTGenre.h; sourceTree = "<group>"; };
		24700CDD15B84B1900FA5843 /* _DCTGenre.m */ = {isa = PBXFileReference; fileEncoding = 4; lastKnownFileType = sourcecode.c.objc; path = _DCTGenre.m; sourceTree = "<group>"; };
		24700CDE15B84B1900FA5843 /* _DCTPlaylist.h */ = {isa = PBXFileReference; fileEncoding = 4; lastKnownFileType = sourcecode.c.h; path = _DCTPlaylist.h; sourceTree = "<group>"; };
		24700CDF15B84B1900FA5843 /* _DCTPlaylist.m */ = {isa = PBXFileReference; fileEncoding = 4; lastKnownFileType = sourcecode.c.objc; path = _DCTPlaylist.m; sourceTree = "<group>"; };
		24845AAD104C7EE300489910 /* Icon.png */ = {isa = PBXFileReference; lastKnownFileType = image.png; path = Icon.png; sourceTree = "<group>"; };
		24C28FDF104C774D004513D3 /* DTAlbum+Extras.h */ = {isa = PBXFileReference; fileEncoding = 4; lastKnownFileType = sourcecode.c.h; path = "DTAlbum+Extras.h"; sourceTree = "<group>"; };
		24C28FE0104C774D004513D3 /* DTAlbum+Extras.m */ = {isa = PBXFileReference; fileEncoding = 4; lastKnownFileType = sourcecode.c.objc; path = "DTAlbum+Extras.m"; sourceTree = "<group>"; };
		24C28FE1104C774D004513D3 /* DTAlbum.h */ = {isa = PBXFileReference; fileEncoding = 4; lastKnownFileType = sourcecode.c.h; path = DTAlbum.h; sourceTree = "<group>"; };
		24C28FE2104C774D004513D3 /* DTAlbum.m */ = {isa = PBXFileReference; fileEncoding = 4; lastKnownFileType = sourcecode.c.objc; path = DTAlbum.m; sourceTree = "<group>"; };
		24C28FE3104C774D004513D3 /* DTArtist+Extras.h */ = {isa = PBXFileReference; fileEncoding = 4; lastKnownFileType = sourcecode.c.h; path = "DTArtist+Extras.h"; sourceTree = "<group>"; };
		24C28FE4104C774D004513D3 /* DTArtist+Extras.m */ = {isa = PBXFileReference; fileEncoding = 4; lastKnownFileType = sourcecode.c.objc; path = "DTArtist+Extras.m"; sourceTree = "<group>"; };
		24C28FE5104C774D004513D3 /* DTArtist.h */ = {isa = PBXFileReference; fileEncoding = 4; lastKnownFileType = sourcecode.c.h; path = DTArtist.h; sourceTree = "<group>"; };
		24C28FE6104C774D004513D3 /* DTArtist.m */ = {isa = PBXFileReference; fileEncoding = 4; lastKnownFileType = sourcecode.c.objc; path = DTArtist.m; sourceTree = "<group>"; };
		24C28FE7104C774D004513D3 /* DTComposer.h */ = {isa = PBXFileReference; fileEncoding = 4; lastKnownFileType = sourcecode.c.h; path = DTComposer.h; sourceTree = "<group>"; };
		24C28FE8104C774D004513D3 /* DTComposer.m */ = {isa = PBXFileReference; fileEncoding = 4; lastKnownFileType = sourcecode.c.objc; path = DTComposer.m; sourceTree = "<group>"; };
		24C28FE9104C774D004513D3 /* DTDataInformation.h */ = {isa = PBXFileReference; fileEncoding = 4; lastKnownFileType = sourcecode.c.h; path = DTDataInformation.h; sourceTree = "<group>"; };
		24C28FEA104C774D004513D3 /* DTDataInformation.m */ = {isa = PBXFileReference; fileEncoding = 4; lastKnownFileType = sourcecode.c.objc; path = DTDataInformation.m; sourceTree = "<group>"; };
		24C28FEB104C774D004513D3 /* DTGenre +Extras.m */ = {isa = PBXFileReference; fileEncoding = 4; lastKnownFileType = sourcecode.c.objc; path = "DTGenre +Extras.m"; sourceTree = "<group>"; };
		24C28FEC104C774D004513D3 /* DTGenre+Extras.h */ = {isa = PBXFileReference; fileEncoding = 4; lastKnownFileType = sourcecode.c.h; path = "DTGenre+Extras.h"; sourceTree = "<group>"; };
		24C28FED104C774D004513D3 /* DTGenre.h */ = {isa = PBXFileReference; fileEncoding = 4; lastKnownFileType = sourcecode.c.h; path = DTGenre.h; sourceTree = "<group>"; };
		24C28FEE104C774D004513D3 /* DTGenre.m */ = {isa = PBXFileReference; fileEncoding = 4; lastKnownFileType = sourcecode.c.objc; path = DTGenre.m; sourceTree = "<group>"; };
		24C28FEF104C774D004513D3 /* DTMusicModel.xcdatamodel */ = {isa = PBXFileReference; fileEncoding = 4; lastKnownFileType = wrapper.xcdatamodel; path = DTMusicModel.xcdatamodel; sourceTree = "<group>"; };
		24C28FF0104C774D004513D3 /* DTMusicModelController.h */ = {isa = PBXFileReference; fileEncoding = 4; lastKnownFileType = sourcecode.c.h; path = DTMusicModelController.h; sourceTree = "<group>"; };
		24C28FF1104C774D004513D3 /* DTMusicModelController.m */ = {isa = PBXFileReference; fileEncoding = 4; lastKnownFileType = sourcecode.c.objc; path = DTMusicModelController.m; sourceTree = "<group>"; };
		24C28FF2104C774D004513D3 /* DTPlaylist+Extras.h */ = {isa = PBXFileReference; fileEncoding = 4; lastKnownFileType = sourcecode.c.h; path = "DTPlaylist+Extras.h"; sourceTree = "<group>"; };
		24C28FF3104C774D004513D3 /* DTPlaylist+Extras.m */ = {isa = PBXFileReference; fileEncoding = 4; lastKnownFileType = sourcecode.c.objc; path = "DTPlaylist+Extras.m"; sourceTree = "<group>"; };
		24C28FF4104C774D004513D3 /* DTPlaylist.h */ = {isa = PBXFileReference; fileEncoding = 4; lastKnownFileType = sourcecode.c.h; path = DTPlaylist.h; sourceTree = "<group>"; };
		24C28FF5104C774D004513D3 /* DTPlaylist.m */ = {isa = PBXFileReference; fileEncoding = 4; lastKnownFileType = sourcecode.c.objc; path = DTPlaylist.m; sourceTree = "<group>"; };
		24C28FF6104C774D004513D3 /* DTSong+Extras.h */ = {isa = PBXFileReference; fileEncoding = 4; lastKnownFileType = sourcecode.c.h; path = "DTSong+Extras.h"; sourceTree = "<group>"; };
		24C28FF7104C774D004513D3 /* DTSong+Extras.m */ = {isa = PBXFileReference; fileEncoding = 4; lastKnownFileType = sourcecode.c.objc; path = "DTSong+Extras.m"; sourceTree = "<group>"; };
		24C28FF8104C774D004513D3 /* DTSong.h */ = {isa = PBXFileReference; fileEncoding = 4; lastKnownFileType = sourcecode.c.h; path = DTSong.h; sourceTree = "<group>"; };
		24C28FF9104C774D004513D3 /* DTSong.m */ = {isa = PBXFileReference; fileEncoding = 4; lastKnownFileType = sourcecode.c.objc; path = DTSong.m; sourceTree = "<group>"; };
		24E58ED2104BD87800A47A1E /* DTMusicViewController.h */ = {isa = PBXFileReference; fileEncoding = 4; lastKnownFileType = sourcecode.c.h; path = DTMusicViewController.h; sourceTree = "<group>"; };
		24E58ED3104BD87800A47A1E /* DTMusicViewController.m */ = {isa = PBXFileReference; fileEncoding = 4; lastKnownFileType = sourcecode.c.objc; path = DTMusicViewController.m; sourceTree = "<group>"; };
		24E58F00104BD89400A47A1E /* DTMenuViewController.h */ = {isa = PBXFileReference; fileEncoding = 4; lastKnownFileType = sourcecode.c.h; path = DTMenuViewController.h; sourceTree = "<group>"; };
		24E58F01104BD89400A47A1E /* DTMenuViewController.m */ = {isa = PBXFileReference; fileEncoding = 4; lastKnownFileType = sourcecode.c.objc; path = DTMenuViewController.m; sourceTree = "<group>"; };
		24E58F02104BD89400A47A1E /* DTMusicModelAppDelegate.h */ = {isa = PBXFileReference; fileEncoding = 4; lastKnownFileType = sourcecode.c.h; path = DTMusicModelAppDelegate.h; sourceTree = "<group>"; };
		24E58F03104BD89400A47A1E /* DTMusicModelAppDelegate.m */ = {isa = PBXFileReference; fileEncoding = 4; lastKnownFileType = sourcecode.c.objc; path = DTMusicModelAppDelegate.m; sourceTree = "<group>"; };
		24E58F06104BD89D00A47A1E /* MusicMenu.plist */ = {isa = PBXFileReference; fileEncoding = 4; lastKnownFileType = text.plist.xml; path = MusicMenu.plist; sourceTree = "<group>"; };
		24E8AE55104BD9B0004AD907 /* DTArtistsViewController.h */ = {isa = PBXFileReference; fileEncoding = 4; lastKnownFileType = sourcecode.c.h; path = DTArtistsViewController.h; sourceTree = "<group>"; };
		24E8AE56104BD9B0004AD907 /* DTArtistsViewController.m */ = {isa = PBXFileReference; fileEncoding = 4; lastKnownFileType = sourcecode.c.objc; path = DTArtistsViewController.m; sourceTree = "<group>"; };
		24E8AE64104BDB46004AD907 /* DTUpdatingViewController.h */ = {isa = PBXFileReference; fileEncoding = 4; lastKnownFileType = sourcecode.c.h; path = DTUpdatingViewController.h; sourceTree = "<group>"; };
		24E8AE65104BDB46004AD907 /* DTUpdatingViewController.m */ = {isa = PBXFileReference; fileEncoding = 4; lastKnownFileType = sourcecode.c.objc; path = DTUpdatingViewController.m; sourceTree = "<group>"; };
		24E8AE69104BDDA8004AD907 /* DTUpdatingView.xib */ = {isa = PBXFileReference; lastKnownFileType = file.xib; path = DTUpdatingView.xib; sourceTree = "<group>"; };
		24EA14D1104D125F001538CF /* DTAlbumsViewController.h */ = {isa = PBXFileReference; fileEncoding = 4; lastKnownFileType = sourcecode.c.h; path = DTAlbumsViewController.h; sourceTree = "<group>"; };
		24EA14D2104D125F001538CF /* DTAlbumsViewController.m */ = {isa = PBXFileReference; fileEncoding = 4; lastKnownFileType = sourcecode.c.objc; path = DTAlbumsViewController.m; sourceTree = "<group>"; };
		24EA14D9104D1311001538CF /* DTSongsViewController.h */ = {isa = PBXFileReference; fileEncoding = 4; lastKnownFileType = sourcecode.c.h; path = DTSongsViewController.h; sourceTree = "<group>"; };
		24EA14DA104D1311001538CF /* DTSongsViewController.m */ = {isa = PBXFileReference; fileEncoding = 4; lastKnownFileType = sourcecode.c.objc; path = DTSongsViewController.m; sourceTree = "<group>"; };
		24EA151A104D169D001538CF /* DTGenresViewController.h */ = {isa = PBXFileReference; fileEncoding = 4; lastKnownFileType = sourcecode.c.h; path = DTGenresViewController.h; sourceTree = "<group>"; };
		24EA151B104D169D001538CF /* DTGenresViewController.m */ = {isa = PBXFileReference; fileEncoding = 4; lastKnownFileType = sourcecode.c.objc; path = DTGenresViewController.m; sourceTree = "<group>"; };
		24EA1556104D2C2D001538CF /* DTPlaylistsViewController.h */ = {isa = PBXFileReference; fileEncoding = 4; lastKnownFileType = sourcecode.c.h; path = DTPlaylistsViewController.h; sourceTree = "<group>"; };
		24EA1557104D2C2D001538CF /* DTPlaylistsViewController.m */ = {isa = PBXFileReference; fileEncoding = 4; lastKnownFileType = sourcecode.c.objc; path = DTPlaylistsViewController.m; sourceTree = "<group>"; };
		288765A40DF7441C002DB57D /* CoreGraphics.framework */ = {isa = PBXFileReference; lastKnownFileType = wrapper.framework; name = CoreGraphics.framework; path = System/Library/Frameworks/CoreGraphics.framework; sourceTree = SDKROOT; };
		28AD733E0D9D9553002E5188 /* MainWindow.xib */ = {isa = PBXFileReference; lastKnownFileType = file.xib; path = MainWindow.xib; sourceTree = "<group>"; };
		28D801B30F44B63D00FB423F /* CoreData.framework */ = {isa = PBXFileReference; lastKnownFileType = wrapper.framework; name = CoreData.framework; path = System/Library/Frameworks/CoreData.framework; sourceTree = SDKROOT; };
		29B97316FDCFA39411CA2CEA /* main.m */ = {isa = PBXFileReference; fileEncoding = 4; lastKnownFileType = sourcecode.c.objc; path = main.m; sourceTree = "<group>"; };
		32CA4F630368D1EE00C91783 /* DTMusicModel_Prefix.pch */ = {isa = PBXFileReference; fileEncoding = 4; lastKnownFileType = sourcecode.c.h; path = DTMusicModel_Prefix.pch; sourceTree = "<group>"; };
		8D1107310486CEB800E47090 /* DTMusicModel-Info.plist */ = {isa = PBXFileReference; fileEncoding = 4; lastKnownFileType = text.plist.xml; path = "DTMusicModel-Info.plist"; sourceTree = "<group>"; };
/* End PBXFileReference section */

/* Begin PBXFrameworksBuildPhase section */
		1D60588F0D05DD3D006BFB54 /* Frameworks */ = {
			isa = PBXFrameworksBuildPhase;
			buildActionMask = 2147483647;
			files = (
				1D60589F0D05DD5A006BFB54 /* Foundation.framework in Frameworks */,
				1DF5F4E00D08C38300B7A737 /* UIKit.framework in Frameworks */,
				288765A50DF7441C002DB57D /* CoreGraphics.framework in Frameworks */,
				28D801B40F44B63D00FB423F /* CoreData.framework in Frameworks */,
				2432820A104BD8270015874B /* MediaPlayer.framework in Frameworks */,
			);
			runOnlyForDeploymentPostprocessing = 0;
		};
		24700C9F15B843E200FA5843 /* Frameworks */ = {
			isa = PBXFrameworksBuildPhase;
			buildActionMask = 2147483647;
			files = (
				24700CA315B843E200FA5843 /* Foundation.framework in Frameworks */,
			);
			runOnlyForDeploymentPostprocessing = 0;
		};
		24700CB315B8495000FA5843 /* Frameworks */ = {
			isa = PBXFrameworksBuildPhase;
			buildActionMask = 2147483647;
			files = (
				24700CB815B8495000FA5843 /* CoreFoundation.framework in Frameworks */,
			);
			runOnlyForDeploymentPostprocessing = 0;
		};
/* End PBXFrameworksBuildPhase section */

/* Begin PBXGroup section */
		080E96DDFE201D6D7F000001 /* Classes */ = {
			isa = PBXGroup;
			children = (
				24E58F00104BD89400A47A1E /* DTMenuViewController.h */,
				24E58F01104BD89400A47A1E /* DTMenuViewController.m */,
				24E58F02104BD89400A47A1E /* DTMusicModelAppDelegate.h */,
				24E58F03104BD89400A47A1E /* DTMusicModelAppDelegate.m */,
				24E8AE64104BDB46004AD907 /* DTUpdatingViewController.h */,
				24E8AE65104BDB46004AD907 /* DTUpdatingViewController.m */,
			);
			path = Classes;
			sourceTree = "<group>";
		};
		19C28FACFE9D520D11CA2CBB /* Products */ = {
			isa = PBXGroup;
			children = (
				1D6058910D05DD3D006BFB54 /* MusicModel.app */,
				24700CA215B843E200FA5843 /* libDCTMusicModel.a */,
				24700CB615B8495000FA5843 /* DCTMusicModel.bundle */,
			);
			name = Products;
			sourceTree = "<group>";
		};
		24700CA415B843E200FA5843 /* DCTMusicModel */ = {
			isa = PBXGroup;
			children = (
				24700CA715B843E200FA5843 /* DCTMusicModel.h */,
				24700CA915B843E200FA5843 /* DCTMusicModel.m */,
				24700CC615B84B1900FA5843 /* Model */,
				24700CA515B843E200FA5843 /* Supporting Files */,
			);
			path = DCTMusicModel;
			sourceTree = "<group>";
		};
		24700CA515B843E200FA5843 /* Supporting Files */ = {
			isa = PBXGroup;
			children = (
				24700CA615B843E200FA5843 /* DCTMusicModel-Prefix.pch */,
			);
			name = "Supporting Files";
			sourceTree = "<group>";
		};
		24700CB915B8495000FA5843 /* DCTMusicModelBundle */ = {
			isa = PBXGroup;
			children = (
				24700CC315B849B500FA5843 /* DCTMusicModel.xcdatamodeld */,
				24700CBA15B8495000FA5843 /* Supporting Files */,
			);
			path = DCTMusicModelBundle;
			sourceTree = "<group>";
		};
		24700CBA15B8495000FA5843 /* Supporting Files */ = {
			isa = PBXGroup;
			children = (
				24700CBB15B8495000FA5843 /* DCTMusicModelBundle-Info.plist */,
				24700CBC15B8495000FA5843 /* InfoPlist.strings */,
				24700CBF15B8495000FA5843 /* DCTMusicModelBundle-Prefix.pch */,
			);
			name = "Supporting Files";
			sourceTree = "<group>";
		};
		24700CC615B84B1900FA5843 /* Model */ = {
			isa = PBXGroup;
			children = (
				24700CC715B84B1900FA5843 /* DCTAlbum.h */,
				24700CC815B84B1900FA5843 /* DCTAlbum.m */,
				24700CC915B84B1900FA5843 /* DCTArtist.h */,
				24700CCA15B84B1900FA5843 /* DCTArtist.m */,
				24700CCB15B84B1900FA5843 /* DCTComposer.h */,
				24700CCC15B84B1900FA5843 /* DCTComposer.m */,
				24700CCD15B84B1900FA5843 /* DCTDataInformation.h */,
				24700CCE15B84B1900FA5843 /* DCTDataInformation.m */,
				24700CCF15B84B1900FA5843 /* DCTGenre.h */,
				24700CD015B84B1900FA5843 /* DCTGenre.m */,
				24700CD115B84B1900FA5843 /* DCTPlaylist.h */,
				24700CD215B84B1900FA5843 /* DCTPlaylist.m */,
				24700CD315B84B1900FA5843 /* Generated */,
			);
			path = Model;
			sourceTree = "<group>";
		};
		24700CD315B84B1900FA5843 /* Generated */ = {
			isa = PBXGroup;
			children = (
				24700CD415B84B1900FA5843 /* _DCTAlbum.h */,
				24700CD515B84B1900FA5843 /* _DCTAlbum.m */,
				24700CD615B84B1900FA5843 /* _DCTArtist.h */,
				24700CD715B84B1900FA5843 /* _DCTArtist.m */,
				24700CD815B84B1900FA5843 /* _DCTComposer.h */,
				24700CD915B84B1900FA5843 /* _DCTComposer.m */,
				24700CDA15B84B1900FA5843 /* _DCTDataInformation.h */,
				24700CDB15B84B1900FA5843 /* _DCTDataInformation.m */,
				24700CDC15B84B1900FA5843 /* _DCTGenre.h */,
				24700CDD15B84B1900FA5843 /* _DCTGenre.m */,
				24700CDE15B84B1900FA5843 /* _DCTPlaylist.h */,
				24700CDF15B84B1900FA5843 /* _DCTPlaylist.m */,
			);
			path = Generated;
			sourceTree = "<group>";
		};
		24C28FDE104C774D004513D3 /* DTMusicModel */ = {
			isa = PBXGroup;
			children = (
				24C28FDF104C774D004513D3 /* DTAlbum+Extras.h */,
				24C28FE0104C774D004513D3 /* DTAlbum+Extras.m */,
				24C28FE1104C774D004513D3 /* DTAlbum.h */,
				24C28FE2104C774D004513D3 /* DTAlbum.m */,
				24C28FE3104C774D004513D3 /* DTArtist+Extras.h */,
				24C28FE4104C774D004513D3 /* DTArtist+Extras.m */,
				24C28FE5104C774D004513D3 /* DTArtist.h */,
				24C28FE6104C774D004513D3 /* DTArtist.m */,
				24C28FE7104C774D004513D3 /* DTComposer.h */,
				24C28FE8104C774D004513D3 /* DTComposer.m */,
				24C28FE9104C774D004513D3 /* DTDataInformation.h */,
				24C28FEA104C774D004513D3 /* DTDataInformation.m */,
				24C28FEB104C774D004513D3 /* DTGenre +Extras.m */,
				24C28FEC104C774D004513D3 /* DTGenre+Extras.h */,
				24C28FED104C774D004513D3 /* DTGenre.h */,
				24C28FEE104C774D004513D3 /* DTGenre.m */,
				24C28FEF104C774D004513D3 /* DTMusicModel.xcdatamodel */,
				24C28FF0104C774D004513D3 /* DTMusicModelController.h */,
				24C28FF1104C774D004513D3 /* DTMusicModelController.m */,
				24C28FF2104C774D004513D3 /* DTPlaylist+Extras.h */,
				24C28FF3104C774D004513D3 /* DTPlaylist+Extras.m */,
				24C28FF4104C774D004513D3 /* DTPlaylist.h */,
				24C28FF5104C774D004513D3 /* DTPlaylist.m */,
				24C28FF6104C774D004513D3 /* DTSong+Extras.h */,
				24C28FF7104C774D004513D3 /* DTSong+Extras.m */,
				24C28FF8104C774D004513D3 /* DTSong.h */,
				24C28FF9104C774D004513D3 /* DTSong.m */,
			);
			path = DTMusicModel;
			sourceTree = "<group>";
		};
		24E58ED1104BD87800A47A1E /* List View Controllers */ = {
			isa = PBXGroup;
			children = (
				24E58ED2104BD87800A47A1E /* DTMusicViewController.h */,
				24E58ED3104BD87800A47A1E /* DTMusicViewController.m */,
				24E8AE55104BD9B0004AD907 /* DTArtistsViewController.h */,
				24E8AE56104BD9B0004AD907 /* DTArtistsViewController.m */,
				24EA14D1104D125F001538CF /* DTAlbumsViewController.h */,
				24EA14D2104D125F001538CF /* DTAlbumsViewController.m */,
				24EA14D9104D1311001538CF /* DTSongsViewController.h */,
				24EA14DA104D1311001538CF /* DTSongsViewController.m */,
				24EA151A104D169D001538CF /* DTGenresViewController.h */,
				24EA151B104D169D001538CF /* DTGenresViewController.m */,
				24EA1556104D2C2D001538CF /* DTPlaylistsViewController.h */,
				24EA1557104D2C2D001538CF /* DTPlaylistsViewController.m */,
			);
			path = "List View Controllers";
			sourceTree = "<group>";
		};
		29B97314FDCFA39411CA2CEA /* CustomTemplate */ = {
			isa = PBXGroup;
			children = (
				24C28FDE104C774D004513D3 /* DTMusicModel */,
				24E58ED1104BD87800A47A1E /* List View Controllers */,
				080E96DDFE201D6D7F000001 /* Classes */,
				29B97315FDCFA39411CA2CEA /* Other Sources */,
				29B97317FDCFA39411CA2CEA /* Resources */,
				24700CA415B843E200FA5843 /* DCTMusicModel */,
				24700CB915B8495000FA5843 /* DCTMusicModelBundle */,
				29B97323FDCFA39411CA2CEA /* Frameworks */,
				19C28FACFE9D520D11CA2CBB /* Products */,
			);
			name = CustomTemplate;
			sourceTree = "<group>";
		};
		29B97315FDCFA39411CA2CEA /* Other Sources */ = {
			isa = PBXGroup;
			children = (
				32CA4F630368D1EE00C91783 /* DTMusicModel_Prefix.pch */,
				29B97316FDCFA39411CA2CEA /* main.m */,
			);
			name = "Other Sources";
			sourceTree = "<group>";
		};
		29B97317FDCFA39411CA2CEA /* Resources */ = {
			isa = PBXGroup;
			children = (
				24845AAD104C7EE300489910 /* Icon.png */,
				24E58F06104BD89D00A47A1E /* MusicMenu.plist */,
				28AD733E0D9D9553002E5188 /* MainWindow.xib */,
				8D1107310486CEB800E47090 /* DTMusicModel-Info.plist */,
				24E8AE69104BDDA8004AD907 /* DTUpdatingView.xib */,
			);
			name = Resources;
			sourceTree = "<group>";
		};
		29B97323FDCFA39411CA2CEA /* Frameworks */ = {
			isa = PBXGroup;
			children = (
				24328209104BD8270015874B /* MediaPlayer.framework */,
				1DF5F4DF0D08C38300B7A737 /* UIKit.framework */,
				1D30AB110D05D00D00671497 /* Foundation.framework */,
				288765A40DF7441C002DB57D /* CoreGraphics.framework */,
				28D801B30F44B63D00FB423F /* CoreData.framework */,
				24700CB715B8495000FA5843 /* CoreFoundation.framework */,
			);
			name = Frameworks;
			sourceTree = "<group>";
		};
/* End PBXGroup section */

/* Begin PBXHeadersBuildPhase section */
		24700CAE15B843F300FA5843 /* Headers */ = {
			isa = PBXHeadersBuildPhase;
			buildActionMask = 2147483647;
			files = (
				24700CE015B84B1900FA5843 /* DCTAlbum.h in Headers */,
				24700CE215B84B1900FA5843 /* DCTArtist.h in Headers */,
				24700CE415B84B1900FA5843 /* DCTComposer.h in Headers */,
				24700CE615B84B1900FA5843 /* DCTDataInformation.h in Headers */,
				24700CE815B84B1900FA5843 /* DCTGenre.h in Headers */,
				24700CEA15B84B1900FA5843 /* DCTPlaylist.h in Headers */,
				24700CEC15B84B1900FA5843 /* _DCTAlbum.h in Headers */,
				24700CEE15B84B1900FA5843 /* _DCTArtist.h in Headers */,
				24700CF015B84B1900FA5843 /* _DCTComposer.h in Headers */,
				24700CF215B84B1900FA5843 /* _DCTDataInformation.h in Headers */,
				24700CF415B84B1900FA5843 /* _DCTGenre.h in Headers */,
				24700CF615B84B1900FA5843 /* _DCTPlaylist.h in Headers */,
			);
			runOnlyForDeploymentPostprocessing = 0;
		};
/* End PBXHeadersBuildPhase section */

/* Begin PBXNativeTarget section */
		1D6058900D05DD3D006BFB54 /* DTMusicModel */ = {
			isa = PBXNativeTarget;
			buildConfigurationList = 1D6058960D05DD3E006BFB54 /* Build configuration list for PBXNativeTarget "DTMusicModel" */;
			buildPhases = (
				1D60588D0D05DD3D006BFB54 /* Resources */,
				1D60588E0D05DD3D006BFB54 /* Sources */,
				1D60588F0D05DD3D006BFB54 /* Frameworks */,
			);
			buildRules = (
			);
			dependencies = (
			);
			name = DTMusicModel;
			productName = DTMusicModel;
			productReference = 1D6058910D05DD3D006BFB54 /* MusicModel.app */;
			productType = "com.apple.product-type.application";
		};
		24700CA115B843E200FA5843 /* DCTMusicModel */ = {
			isa = PBXNativeTarget;
			buildConfigurationList = 24700CAB15B843E200FA5843 /* Build configuration list for PBXNativeTarget "DCTMusicModel" */;
			buildPhases = (
				24700C9E15B843E200FA5843 /* Sources */,
				24700C9F15B843E200FA5843 /* Frameworks */,
				24700CAE15B843F300FA5843 /* Headers */,
			);
			buildRules = (
			);
			dependencies = (
				24700CF915B84B2E00FA5843 /* PBXTargetDependency */,
			);
			name = DCTMusicModel;
			productName = DCTMusicModel;
			productReference = 24700CA215B843E200FA5843 /* libDCTMusicModel.a */;
			productType = "com.apple.product-type.library.static";
		};
		24700CB515B8495000FA5843 /* DCTMusicModelBundle */ = {
			isa = PBXNativeTarget;
			buildConfigurationList = 24700CC015B8495000FA5843 /* Build configuration list for PBXNativeTarget "DCTMusicModelBundle" */;
			buildPhases = (
				24700CB215B8495000FA5843 /* Sources */,
				24700CB315B8495000FA5843 /* Frameworks */,
				24700CB415B8495000FA5843 /* Resources */,
			);
			buildRules = (
			);
			dependencies = (
			);
			name = DCTMusicModelBundle;
			productName = DCTMusicModelBundle;
			productReference = 24700CB615B8495000FA5843 /* DCTMusicModel.bundle */;
			productType = "com.apple.product-type.bundle";
		};
/* End PBXNativeTarget section */

/* Begin PBXProject section */
		29B97313FDCFA39411CA2CEA /* Project object */ = {
			isa = PBXProject;
			attributes = {
				LastUpgradeCheck = 0450;
			};
			buildConfigurationList = C01FCF4E08A954540054247B /* Build configuration list for PBXProject "DTMusicModel" */;
			compatibilityVersion = "Xcode 3.2";
			developmentRegion = English;
			hasScannedForEncodings = 1;
			knownRegions = (
				en,
			);
			mainGroup = 29B97314FDCFA39411CA2CEA /* CustomTemplate */;
			projectDirPath = "";
			projectRoot = "";
			targets = (
				1D6058900D05DD3D006BFB54 /* DTMusicModel */,
				24700CA115B843E200FA5843 /* DCTMusicModel */,
				24700CB515B8495000FA5843 /* DCTMusicModelBundle */,
			);
		};
/* End PBXProject section */

/* Begin PBXResourcesBuildPhase section */
		1D60588D0D05DD3D006BFB54 /* Resources */ = {
			isa = PBXResourcesBuildPhase;
			buildActionMask = 2147483647;
			files = (
				28AD733F0D9D9553002E5188 /* MainWindow.xib in Resources */,
				24E58F07104BD89D00A47A1E /* MusicMenu.plist in Resources */,
				24E8AE6A104BDDA8004AD907 /* DTUpdatingView.xib in Resources */,
				24845AAE104C7EE300489910 /* Icon.png in Resources */,
			);
			runOnlyForDeploymentPostprocessing = 0;
		};
		24700CB415B8495000FA5843 /* Resources */ = {
			isa = PBXResourcesBuildPhase;
			buildActionMask = 2147483647;
			files = (
				24700CBE15B8495000FA5843 /* InfoPlist.strings in Resources */,
			);
			runOnlyForDeploymentPostprocessing = 0;
		};
/* End PBXResourcesBuildPhase section */

/* Begin PBXSourcesBuildPhase section */
		1D60588E0D05DD3D006BFB54 /* Sources */ = {
			isa = PBXSourcesBuildPhase;
			buildActionMask = 2147483647;
			files = (
				1D60589B0D05DD56006BFB54 /* main.m in Sources */,
				24E58EF0104BD87800A47A1E /* DTMusicViewController.m in Sources */,
				24E58F04104BD89400A47A1E /* DTMenuViewController.m in Sources */,
				24E58F05104BD89400A47A1E /* DTMusicModelAppDelegate.m in Sources */,
				24E8AE57104BD9B0004AD907 /* DTArtistsViewController.m in Sources */,
				24E8AE66104BDB46004AD907 /* DTUpdatingViewController.m in Sources */,
				24C28FFA104C774D004513D3 /* DTAlbum+Extras.m in Sources */,
				24C28FFB104C774D004513D3 /* DTAlbum.m in Sources */,
				24C28FFC104C774D004513D3 /* DTArtist+Extras.m in Sources */,
				24C28FFD104C774D004513D3 /* DTArtist.m in Sources */,
				24C28FFE104C774D004513D3 /* DTComposer.m in Sources */,
				24C28FFF104C774D004513D3 /* DTDataInformation.m in Sources */,
				24C29000104C774D004513D3 /* DTGenre +Extras.m in Sources */,
				24C29001104C774D004513D3 /* DTGenre.m in Sources */,
				24C29002104C774D004513D3 /* DTMusicModel.xcdatamodel in Sources */,
				24C29003104C774D004513D3 /* DTMusicModelController.m in Sources */,
				24C29004104C774D004513D3 /* DTPlaylist+Extras.m in Sources */,
				24C29005104C774D004513D3 /* DTPlaylist.m in Sources */,
				24C29006104C774D004513D3 /* DTSong+Extras.m in Sources */,
				24C29007104C774D004513D3 /* DTSong.m in Sources */,
				24EA14D3104D125F001538CF /* DTAlbumsViewController.m in Sources */,
				24EA14DB104D1311001538CF /* DTSongsViewController.m in Sources */,
				24EA151C104D169D001538CF /* DTGenresViewController.m in Sources */,
				24EA1558104D2C2D001538CF /* DTPlaylistsViewController.m in Sources */,
			);
			runOnlyForDeploymentPostprocessing = 0;
		};
		24700C9E15B843E200FA5843 /* Sources */ = {
			isa = PBXSourcesBuildPhase;
			buildActionMask = 2147483647;
			files = (
				24700CAA15B843E200FA5843 /* DCTMusicModel.m in Sources */,
				24700CE115B84B1900FA5843 /* DCTAlbum.m in Sources */,
				24700CE315B84B1900FA5843 /* DCTArtist.m in Sources */,
				24700CE515B84B1900FA5843 /* DCTComposer.m in Sources */,
				24700CE715B84B1900FA5843 /* DCTDataInformation.m in Sources */,
				24700CE915B84B1900FA5843 /* DCTGenre.m in Sources */,
				24700CEB15B84B1900FA5843 /* DCTPlaylist.m in Sources */,
				24700CED15B84B1900FA5843 /* _DCTAlbum.m in Sources */,
				24700CEF15B84B1900FA5843 /* _DCTArtist.m in Sources */,
				24700CF115B84B1900FA5843 /* _DCTComposer.m in Sources */,
				24700CF315B84B1900FA5843 /* _DCTDataInformation.m in Sources */,
				24700CF515B84B1900FA5843 /* _DCTGenre.m in Sources */,
				24700CF715B84B1900FA5843 /* _DCTPlaylist.m in Sources */,
			);
			runOnlyForDeploymentPostprocessing = 0;
		};
		24700CB215B8495000FA5843 /* Sources */ = {
			isa = PBXSourcesBuildPhase;
			buildActionMask = 2147483647;
			files = (
				24700CC515B849B500FA5843 /* DCTMusicModel.xcdatamodeld in Sources */,
			);
			runOnlyForDeploymentPostprocessing = 0;
		};
/* End PBXSourcesBuildPhase section */

/* Begin PBXTargetDependency section */
		24700CF915B84B2E00FA5843 /* PBXTargetDependency */ = {
			isa = PBXTargetDependency;
			target = 24700CB515B8495000FA5843 /* DCTMusicModelBundle */;
			targetProxy = 24700CF815B84B2E00FA5843 /* PBXContainerItemProxy */;
		};
/* End PBXTargetDependency section */

/* Begin PBXVariantGroup section */
		24700CBC15B8495000FA5843 /* InfoPlist.strings */ = {
			isa = PBXVariantGroup;
			children = (
				24700CBD15B8495000FA5843 /* en */,
			);
			name = InfoPlist.strings;
			sourceTree = "<group>";
		};
/* End PBXVariantGroup section */

/* Begin XCBuildConfiguration section */
		1D6058940D05DD3E006BFB54 /* Debug */ = {
			isa = XCBuildConfiguration;
			buildSettings = {
				ALWAYS_SEARCH_USER_PATHS = NO;
				CODE_SIGN_IDENTITY = "iPhone Developer";
				"CODE_SIGN_IDENTITY[sdk=iphoneos*]" = "iPhone Developer";
				COPY_PHASE_STRIP = NO;
				FRAMEWORK_SEARCH_PATHS = (
					"$(inherited)",
					"\"/Volumes/Skiiing2/CD/ViewBased/Unknown Path/System/Library/Frameworks\"",
				);
				GCC_DYNAMIC_NO_PIC = NO;
				GCC_OPTIMIZATION_LEVEL = 0;
				GCC_PRECOMPILE_PREFIX_HEADER = YES;
				GCC_PREFIX_HEADER = DTMusicModel_Prefix.pch;
				INFOPLIST_FILE = "DTMusicModel-Info.plist";
				PRODUCT_NAME = MusicModel;
				PROVISIONING_PROFILE = "";
				"PROVISIONING_PROFILE[sdk=iphoneos*]" = "";
			};
			name = Debug;
		};
		1D6058950D05DD3E006BFB54 /* Release */ = {
			isa = XCBuildConfiguration;
			buildSettings = {
				ALWAYS_SEARCH_USER_PATHS = NO;
				COPY_PHASE_STRIP = YES;
				FRAMEWORK_SEARCH_PATHS = (
					"$(inherited)",
					"\"/Volumes/Skiiing2/CD/ViewBased/Unknown Path/System/Library/Frameworks\"",
				);
				GCC_PRECOMPILE_PREFIX_HEADER = YES;
				GCC_PREFIX_HEADER = DTMusicModel_Prefix.pch;
				INFOPLIST_FILE = "DTMusicModel-Info.plist";
				PRODUCT_NAME = DTMusicModel;
			};
			name = Release;
		};
		24700CAC15B843E200FA5843 /* Debug */ = {
			isa = XCBuildConfiguration;
			buildSettings = {
				ALWAYS_SEARCH_USER_PATHS = NO;
				CLANG_CXX_LANGUAGE_STANDARD = "gnu++0x";
				CLANG_CXX_LIBRARY = "libc++";
				CLANG_WARN__DUPLICATE_METHOD_MATCH = YES;
				COPY_PHASE_STRIP = NO;
				DSTROOT = /tmp/DCTMusicModel.dst;
				GCC_C_LANGUAGE_STANDARD = gnu99;
				GCC_DYNAMIC_NO_PIC = NO;
				GCC_OPTIMIZATION_LEVEL = 0;
				GCC_PRECOMPILE_PREFIX_HEADER = YES;
				GCC_PREFIX_HEADER = "DCTMusicModel/DCTMusicModel-Prefix.pch";
				GCC_PREPROCESSOR_DEFINITIONS = (
					"DEBUG=1",
					"$(inherited)",
				);
				GCC_SYMBOLS_PRIVATE_EXTERN = NO;
				GCC_WARN_UNINITIALIZED_AUTOS = YES;
				IPHONEOS_DEPLOYMENT_TARGET = 6.0;
				OTHER_LDFLAGS = "-ObjC";
				PRODUCT_NAME = "$(TARGET_NAME)";
				PUBLIC_HEADERS_FOLDER_PATH = "include/$(TARGET_NAME)";
				SKIP_INSTALL = YES;
			};
			name = Debug;
		};
		24700CAD15B843E200FA5843 /* Release */ = {
			isa = XCBuildConfiguration;
			buildSettings = {
				ALWAYS_SEARCH_USER_PATHS = NO;
				CLANG_CXX_LANGUAGE_STANDARD = "gnu++0x";
				CLANG_CXX_LIBRARY = "libc++";
				CLANG_WARN__DUPLICATE_METHOD_MATCH = YES;
				COPY_PHASE_STRIP = YES;
				DSTROOT = /tmp/DCTMusicModel.dst;
				GCC_C_LANGUAGE_STANDARD = gnu99;
				GCC_PRECOMPILE_PREFIX_HEADER = YES;
				GCC_PREFIX_HEADER = "DCTMusicModel/DCTMusicModel-Prefix.pch";
				GCC_WARN_UNINITIALIZED_AUTOS = YES;
				IPHONEOS_DEPLOYMENT_TARGET = 6.0;
				OTHER_LDFLAGS = "-ObjC";
				PRODUCT_NAME = "$(TARGET_NAME)";
				PUBLIC_HEADERS_FOLDER_PATH = "include/$(TARGET_NAME)";
				SKIP_INSTALL = YES;
				VALIDATE_PRODUCT = YES;
			};
			name = Release;
		};
		24700CC115B8495000FA5843 /* Debug */ = {
			isa = XCBuildConfiguration;
			buildSettings = {
				ALWAYS_SEARCH_USER_PATHS = NO;
				ARCHS = "$(ARCHS_STANDARD_32_BIT)";
				CLANG_CXX_LANGUAGE_STANDARD = "gnu++0x";
				CLANG_CXX_LIBRARY = "libc++";
				CLANG_WARN__DUPLICATE_METHOD_MATCH = YES;
				COMBINE_HIDPI_IMAGES = YES;
				COPY_PHASE_STRIP = NO;
				GCC_C_LANGUAGE_STANDARD = gnu99;
				GCC_DYNAMIC_NO_PIC = NO;
				GCC_ENABLE_OBJC_EXCEPTIONS = YES;
				GCC_OPTIMIZATION_LEVEL = 0;
				GCC_PRECOMPILE_PREFIX_HEADER = YES;
				GCC_PREFIX_HEADER = "DCTMusicModelBundle/DCTMusicModelBundle-Prefix.pch";
				GCC_PREPROCESSOR_DEFINITIONS = (
					"DEBUG=1",
					"$(inherited)",
				);
				GCC_SYMBOLS_PRIVATE_EXTERN = NO;
				GCC_WARN_64_TO_32_BIT_CONVERSION = YES;
				GCC_WARN_UNINITIALIZED_AUTOS = YES;
				INFOPLIST_FILE = "DCTMusicModelBundle/DCTMusicModelBundle-Info.plist";
				INSTALL_PATH = "$(LOCAL_LIBRARY_DIR)/Bundles";
				MACOSX_DEPLOYMENT_TARGET = 10.8;
				ONLY_ACTIVE_ARCH = YES;
				PRODUCT_NAME = DCTMusicModel;
				SDKROOT = iphoneos;
				WRAPPER_EXTENSION = bundle;
			};
			name = Debug;
		};
		24700CC215B8495000FA5843 /* Release */ = {
			isa = XCBuildConfiguration;
			buildSettings = {
				ALWAYS_SEARCH_USER_PATHS = NO;
				ARCHS = "$(ARCHS_STANDARD_32_BIT)";
				CLANG_CXX_LANGUAGE_STANDARD = "gnu++0x";
				CLANG_CXX_LIBRARY = "libc++";
				CLANG_WARN__DUPLICATE_METHOD_MATCH = YES;
				COMBINE_HIDPI_IMAGES = YES;
				COPY_PHASE_STRIP = YES;
				DEBUG_INFORMATION_FORMAT = "dwarf-with-dsym";
				GCC_C_LANGUAGE_STANDARD = gnu99;
				GCC_ENABLE_OBJC_EXCEPTIONS = YES;
				GCC_PRECOMPILE_PREFIX_HEADER = YES;
				GCC_PREFIX_HEADER = "DCTMusicModelBundle/DCTMusicModelBundle-Prefix.pch";
				GCC_WARN_64_TO_32_BIT_CONVERSION = YES;
				GCC_WARN_UNINITIALIZED_AUTOS = YES;
				INFOPLIST_FILE = "DCTMusicModelBundle/DCTMusicModelBundle-Info.plist";
				INSTALL_PATH = "$(LOCAL_LIBRARY_DIR)/Bundles";
				MACOSX_DEPLOYMENT_TARGET = 10.8;
				PRODUCT_NAME = DCTMusicModel;
				SDKROOT = iphoneos;
				WRAPPER_EXTENSION = bundle;
			};
			name = Release;
		};
		C01FCF4F08A954540054247B /* Debug */ = {
			isa = XCBuildConfiguration;
			buildSettings = {
				ARCHS = "$(ARCHS_STANDARD_32_BIT)";
				"CODE_SIGN_IDENTITY[sdk=iphoneos*]" = "iPhone Developer";
				GCC_C_LANGUAGE_STANDARD = c99;
				GCC_WARN_ABOUT_RETURN_TYPE = YES;
				GCC_WARN_UNUSED_VARIABLE = YES;
				"PROVISIONING_PROFILE[sdk=iphoneos*]" = "";
				SDKROOT = iphoneos;
			};
			name = Debug;
		};
		C01FCF5008A954540054247B /* Release */ = {
			isa = XCBuildConfiguration;
			buildSettings = {
				ARCHS = "$(ARCHS_STANDARD_32_BIT)";
				"CODE_SIGN_IDENTITY[sdk=iphoneos*]" = "iPhone Developer";
				GCC_C_LANGUAGE_STANDARD = c99;
				GCC_WARN_ABOUT_RETURN_TYPE = YES;
				GCC_WARN_UNUSED_VARIABLE = YES;
				SDKROOT = iphoneos;
			};
			name = Release;
		};
/* End XCBuildConfiguration section */

/* Begin XCConfigurationList section */
		1D6058960D05DD3E006BFB54 /* Build configuration list for PBXNativeTarget "DTMusicModel" */ = {
			isa = XCConfigurationList;
			buildConfigurations = (
				1D6058940D05DD3E006BFB54 /* Debug */,
				1D6058950D05DD3E006BFB54 /* Release */,
			);
			defaultConfigurationIsVisible = 0;
			defaultConfigurationName = Release;
		};
		24700CAB15B843E200FA5843 /* Build configuration list for PBXNativeTarget "DCTMusicModel" */ = {
			isa = XCConfigurationList;
			buildConfigurations = (
				24700CAC15B843E200FA5843 /* Debug */,
				24700CAD15B843E200FA5843 /* Release */,
			);
			defaultConfigurationIsVisible = 0;
		};
		24700CC015B8495000FA5843 /* Build configuration list for PBXNativeTarget "DCTMusicModelBundle" */ = {
			isa = XCConfigurationList;
			buildConfigurations = (
				24700CC115B8495000FA5843 /* Debug */,
				24700CC215B8495000FA5843 /* Release */,
			);
			defaultConfigurationIsVisible = 0;
		};
		C01FCF4E08A954540054247B /* Build configuration list for PBXProject "DTMusicModel" */ = {
			isa = XCConfigurationList;
			buildConfigurations = (
				C01FCF4F08A954540054247B /* Debug */,
				C01FCF5008A954540054247B /* Release */,
			);
			defaultConfigurationIsVisible = 0;
			defaultConfigurationName = Release;
		};
/* End XCConfigurationList section */

/* Begin XCVersionGroup section */
		24700CC315B849B500FA5843 /* DCTMusicModel.xcdatamodeld */ = {
			isa = XCVersionGroup;
			children = (
				24700CC415B849B500FA5843 /* DCTMusicModel.xcdatamodel */,
			);
			currentVersion = 24700CC415B849B500FA5843 /* DCTMusicModel.xcdatamodel */;
			path = DCTMusicModel.xcdatamodeld;
			sourceTree = "<group>";
			versionGroupType = wrapper.xcdatamodel;
		};
/* End XCVersionGroup section */
	};
	rootObject = 29B97313FDCFA39411CA2CEA /* Project object */;
}
